
Microsoft Visual Studio Solution File, Format Version 12.00
# Visual Studio Version 16
VisualStudioVersion = 16.0.29709.97
MinimumVisualStudioVersion = 10.0.40219.1
Project("{FAE04EC0-301F-11D3-BF4B-00C04F79EFBC}") = "VMachine", "VMachine\VMachine.csproj", "{8BD26937-4ED2-482C-90CE-71BB16DB32B1}"
EndProject
Project("{9A19103F-16F7-4668-BE54-9A1E7A4F7556}") = "dnlib", "dnlib\src\dnlib.csproj", "{04238320-26EA-4303-AB87-8A5AE020C8D4}"
EndProject
Project("{FAE04EC0-301F-11D3-BF4B-00C04F79EFBC}") = "Example", "Example\Example.csproj", "{2C440F24-8C9D-4413-AE22-E746A13082B5}"
EndProject
Global
	GlobalSection(SolutionConfigurationPlatforms) = preSolution
		Debug|Any CPU = Debug|Any CPU
		Release|Any CPU = Release|Any CPU
	EndGlobalSection
	GlobalSection(ProjectConfigurationPlatforms) = postSolution
		{8BD26937-4ED2-482C-90CE-71BB16DB32B1}.Debug|Any CPU.ActiveCfg = Debug|Any CPU
		{8BD26937-4ED2-482C-90CE-71BB16DB32B1}.Debug|Any CPU.Build.0 = Debug|Any CPU
		{8BD26937-4ED2-482C-90CE-71BB16DB32B1}.Release|Any CPU.ActiveCfg = Release|Any CPU
		{8BD26937-4ED2-482C-90CE-71BB16DB32B1}.Release|Any CPU.Build.0 = Release|Any CPU
		{04238320-26EA-4303-AB87-8A5AE020C8D4}.Debug|Any CPU.ActiveCfg = Debug|Any CPU
		{04238320-26EA-4303-AB87-8A5AE020C8D4}.Debug|Any CPU.Build.0 = Debug|Any CPU
		{04238320-26EA-4303-AB87-8A5AE020C8D4}.Release|Any CPU.ActiveCfg = Release|Any CPU
		{04238320-26EA-4303-AB87-8A5AE020C8D4}.Release|Any CPU.Build.0 = Release|Any CPU
		{2C440F24-8C9D-4413-AE22-E746A13082B5}.Debug|Any CPU.ActiveCfg = Debug|Any CPU
		{2C440F24-8C9D-4413-AE22-E746A13082B5}.Debug|Any CPU.Build.0 = Debug|Any CPU
		{2C440F24-8C9D-4413-AE22-E746A13082B5}.Release|Any CPU.ActiveCfg = Release|Any CPU
		{2C440F24-8C9D-4413-AE22-E746A13082B5}.Release|Any CPU.Build.0 = Release|Any CPU
	EndGlobalSection
	GlobalSection(SolutionProperties) = preSolution
		HideSolutionNode = FALSE
	EndGlobalSection
	GlobalSection(ExtensibilityGlobals) = postSolution
		SolutionGuid = {B27F890C-D4B4-4199-A4E0-20FB523362FF}
	EndGlobalSection
EndGlobal
